{
	"name": "awk-language-server",
	"version": "0.0.1",
	"lockfileVersion": 1,
	"requires": true,
	"dependencies": {
		"@types/node": {
			"version": "6.0.90",
			"resolved": "https://registry.npmjs.org/@types/node/-/node-6.0.90.tgz",
			"integrity": "sha512-tXoGRVdi7wZX7P1VWoV9Wfk0uYDOAHdEYXAttuWgSrN76Q32wQlSrMX0Rgyv3RTEaQY2ZLQrzYHVM2e8rfo8sA==",
			"dev": true
		},
		"typescript": {
			"version": "2.5.3",
			"resolved": "https://registry.npmjs.org/typescript/-/typescript-2.5.3.tgz",
			"integrity": "sha512-ptLSQs2S4QuS6/OD1eAKG+S5G8QQtrU5RT32JULdZQtM1L3WTi34Wsu48Yndzi8xsObRAB9RPt/KhA9wlpEF6w==",
			"dev": true
		},
		"vscode-jsonrpc": {
			"version": "3.4.1",
			"resolved": "https://registry.npmjs.org/vscode-jsonrpc/-/vscode-jsonrpc-3.4.1.tgz",
			"integrity": "sha1-4uC54SH3GitUSAWKNKOu+DdqXpE="
		},
		"vscode-languageserver": {
			"version": "3.4.3",
			"resolved": "https://registry.npmjs.org/vscode-languageserver/-/vscode-languageserver-3.4.3.tgz",
			"integrity": "sha1-g/6pa8XglFSaClzj73a1PXrUBQg=",
			"requires": {
				"vscode-languageserver-protocol": "3.4.4",
				"vscode-uri": "1.0.1"
			}
		},
		"vscode-languageserver-protocol": {
			"version": "3.4.4",
			"resolved": "https://registry.npmjs.org/vscode-languageserver-protocol/-/vscode-languageserver-protocol-3.4.4.tgz",
			"integrity": "sha1-A4e7Sb0PgF6QSMaVmX29Qw1uyig=",
			"requires": {
				"vscode-jsonrpc": "3.4.1",
				"vscode-languageserver-types": "3.4.0"
			}
		},
		"vscode-languageserver-types": {
			"version": "3.4.0",
			"resolved": "https://registry.npmjs.org/vscode-languageserver-types/-/vscode-languageserver-types-3.4.0.tgz",
			"integrity": "sha1-UEOuR+5KwWrwe7PQylYSNeDA0vo="
		},
		"vscode-uri": {
			"version": "1.0.1",
			"resolved": "https://registry.npmjs.org/vscode-uri/-/vscode-uri-1.0.1.tgz",
			"integrity": "sha1-Eahr7+rDxKo+wIYjZRo8gabQu8g="
		}
	}
}
